
Microsoft Visual Studio Solution File, Format Version 12.00
# Visual Studio Version 16
VisualStudioVersion = 16.0.31729.503
MinimumVisualStudioVersion = 10.0.40219.1
Project("{FAE04EC0-301F-11D3-BF4B-00C04F79EFBC}") = "SwagLabDemoSite", "SwagLabDemoSite\SwagLabDemoSite.csproj", "{FAEC80C6-34BB-40E5-8E6F-2D23561757E9}"
EndProject
Global
	GlobalSection(SolutionConfigurationPlatforms) = preSolution
		Debug|Any CPU = Debug|Any CPU
		Release|Any CPU = Release|Any CPU
	EndGlobalSection
	GlobalSection(ProjectConfigurationPlatforms) = postSolution
		{FAEC80C6-34BB-40E5-8E6F-2D23561757E9}.Debug|Any CPU.ActiveCfg = Debug|Any CPU
		{FAEC80C6-34BB-40E5-8E6F-2D23561757E9}.Debug|Any CPU.Build.0 = Debug|Any CPU
		{FAEC80C6-34BB-40E5-8E6F-2D23561757E9}.Release|Any CPU.ActiveCfg = Release|Any CPU
		{FAEC80C6-34BB-40E5-8E6F-2D23561757E9}.Release|Any CPU.Build.0 = Release|Any CPU
	EndGlobalSection
	GlobalSection(SolutionProperties) = preSolution
		HideSolutionNode = FALSE
	EndGlobalSection
	GlobalSection(ExtensibilityGlobals) = postSolution
		SolutionGuid = {96CFE77E-E173-426A-A8A0-467A216D014F}
	EndGlobalSection
EndGlobal
